
Microsoft Visual Studio Solution File, Format Version 12.00
# Visual Studio 15
VisualStudioVersion = 15.0.28307.329
MinimumVisualStudioVersion = 10.0.40219.1
Project("{FAE04EC0-301F-11D3-BF4B-00C04F79EFBC}") = "Regex_01", "Regex_01\Regex_01.csproj", "{4C83507A-BD30-47B1-8E9B-16C026E597EB}"
EndProject
Global
	GlobalSection(SolutionConfigurationPlatforms) = preSolution
		Debug|Any CPU = Debug|Any CPU
		Release|Any CPU = Release|Any CPU
	EndGlobalSection
	GlobalSection(ProjectConfigurationPlatforms) = postSolution
		{4C83507A-BD30-47B1-8E9B-16C026E597EB}.Debug|Any CPU.ActiveCfg = Debug|Any CPU
		{4C83507A-BD30-47B1-8E9B-16C026E597EB}.Debug|Any CPU.Build.0 = Debug|Any CPU
		{4C83507A-BD30-47B1-8E9B-16C026E597EB}.Release|Any CPU.ActiveCfg = Release|Any CPU
		{4C83507A-BD30-47B1-8E9B-16C026E597EB}.Release|Any CPU.Build.0 = Release|Any CPU
	EndGlobalSection
	GlobalSection(SolutionProperties) = preSolution
		HideSolutionNode = FALSE
	EndGlobalSection
	GlobalSection(ExtensibilityGlobals) = postSolution
		SolutionGuid = {A97EE4B5-69DC-4DEE-A964-5F708393B03D}
	EndGlobalSection
EndGlobal
