
Microsoft Visual Studio Solution File, Format Version 12.00
# Visual Studio 15
VisualStudioVersion = 15.0.28307.329
MinimumVisualStudioVersion = 10.0.40219.1
Project("{FAE04EC0-301F-11D3-BF4B-00C04F79EFBC}") = "WPF_Slider", "WPF_Slider\WPF_Slider.csproj", "{1BF1205E-F301-4777-AD68-81DC0CF7B316}"
EndProject
Global
	GlobalSection(SolutionConfigurationPlatforms) = preSolution
		Debug|Any CPU = Debug|Any CPU
		Release|Any CPU = Release|Any CPU
	EndGlobalSection
	GlobalSection(ProjectConfigurationPlatforms) = postSolution
		{1BF1205E-F301-4777-AD68-81DC0CF7B316}.Debug|Any CPU.ActiveCfg = Debug|Any CPU
		{1BF1205E-F301-4777-AD68-81DC0CF7B316}.Debug|Any CPU.Build.0 = Debug|Any CPU
		{1BF1205E-F301-4777-AD68-81DC0CF7B316}.Release|Any CPU.ActiveCfg = Release|Any CPU
		{1BF1205E-F301-4777-AD68-81DC0CF7B316}.Release|Any CPU.Build.0 = Release|Any CPU
	EndGlobalSection
	GlobalSection(SolutionProperties) = preSolution
		HideSolutionNode = FALSE
	EndGlobalSection
	GlobalSection(ExtensibilityGlobals) = postSolution
		SolutionGuid = {A5BF099A-44F2-4972-8583-FC12CF7FECD0}
	EndGlobalSection
EndGlobal
