
Microsoft Visual Studio Solution File, Format Version 12.00
# Visual Studio 15
VisualStudioVersion = 15.0.28307.329
MinimumVisualStudioVersion = 10.0.40219.1
Project("{FAE04EC0-301F-11D3-BF4B-00C04F79EFBC}") = "RunPythonScript", "RunPythonScript\RunPythonScript.csproj", "{02288FC4-6DC1-4E6C-B05B-46AC0657E31A}"
EndProject
Global
	GlobalSection(SolutionConfigurationPlatforms) = preSolution
		Debug|Any CPU = Debug|Any CPU
		Release|Any CPU = Release|Any CPU
	EndGlobalSection
	GlobalSection(ProjectConfigurationPlatforms) = postSolution
		{02288FC4-6DC1-4E6C-B05B-46AC0657E31A}.Debug|Any CPU.ActiveCfg = Debug|Any CPU
		{02288FC4-6DC1-4E6C-B05B-46AC0657E31A}.Debug|Any CPU.Build.0 = Debug|Any CPU
		{02288FC4-6DC1-4E6C-B05B-46AC0657E31A}.Release|Any CPU.ActiveCfg = Release|Any CPU
		{02288FC4-6DC1-4E6C-B05B-46AC0657E31A}.Release|Any CPU.Build.0 = Release|Any CPU
	EndGlobalSection
	GlobalSection(SolutionProperties) = preSolution
		HideSolutionNode = FALSE
	EndGlobalSection
	GlobalSection(ExtensibilityGlobals) = postSolution
		SolutionGuid = {92272531-1ACB-48A8-8DF1-C80E0EBEAF5F}
	EndGlobalSection
EndGlobal
