
Microsoft Visual Studio Solution File, Format Version 12.00
# Visual Studio Version 16
VisualStudioVersion = 16.0.31019.35
MinimumVisualStudioVersion = 10.0.40219.1
Project("{FAE04EC0-301F-11D3-BF4B-00C04F79EFBC}") = "MVVM Example", "MVVM Example\MVVM Example.csproj", "{ACC349BF-7EDF-4667-9A3D-76216EF842E9}"
EndProject
Global
	GlobalSection(SolutionConfigurationPlatforms) = preSolution
		Debug|Any CPU = Debug|Any CPU
		Release|Any CPU = Release|Any CPU
	EndGlobalSection
	GlobalSection(ProjectConfigurationPlatforms) = postSolution
		{ACC349BF-7EDF-4667-9A3D-76216EF842E9}.Debug|Any CPU.ActiveCfg = Debug|Any CPU
		{ACC349BF-7EDF-4667-9A3D-76216EF842E9}.Debug|Any CPU.Build.0 = Debug|Any CPU
		{ACC349BF-7EDF-4667-9A3D-76216EF842E9}.Release|Any CPU.ActiveCfg = Release|Any CPU
		{ACC349BF-7EDF-4667-9A3D-76216EF842E9}.Release|Any CPU.Build.0 = Release|Any CPU
	EndGlobalSection
	GlobalSection(SolutionProperties) = preSolution
		HideSolutionNode = FALSE
	EndGlobalSection
	GlobalSection(ExtensibilityGlobals) = postSolution
		SolutionGuid = {2B4D669B-73BA-47FB-B2CF-C1BF68A589BE}
	EndGlobalSection
EndGlobal
