
Microsoft Visual Studio Solution File, Format Version 12.00
# Visual Studio 15
VisualStudioVersion = 15.0.28307.329
MinimumVisualStudioVersion = 10.0.40219.1
Project("{FAE04EC0-301F-11D3-BF4B-00C04F79EFBC}") = "Image_Meta_Data_01", "Image_Meta_Data_01\Image_Meta_Data_01.csproj", "{95AE89AC-8318-48DA-8E14-EBA0C6FCCCE8}"
EndProject
Project("{FAE04EC0-301F-11D3-BF4B-00C04F79EFBC}") = "Image_Meta_Data_02", "Image_Meta_Data_02\Image_Meta_Data_02.csproj", "{69B69995-A65E-445E-8C57-B9C90297630A}"
EndProject
Global
	GlobalSection(SolutionConfigurationPlatforms) = preSolution
		Debug|Any CPU = Debug|Any CPU
		Release|Any CPU = Release|Any CPU
	EndGlobalSection
	GlobalSection(ProjectConfigurationPlatforms) = postSolution
		{95AE89AC-8318-48DA-8E14-EBA0C6FCCCE8}.Debug|Any CPU.ActiveCfg = Debug|Any CPU
		{95AE89AC-8318-48DA-8E14-EBA0C6FCCCE8}.Debug|Any CPU.Build.0 = Debug|Any CPU
		{95AE89AC-8318-48DA-8E14-EBA0C6FCCCE8}.Release|Any CPU.ActiveCfg = Release|Any CPU
		{95AE89AC-8318-48DA-8E14-EBA0C6FCCCE8}.Release|Any CPU.Build.0 = Release|Any CPU
		{69B69995-A65E-445E-8C57-B9C90297630A}.Debug|Any CPU.ActiveCfg = Debug|Any CPU
		{69B69995-A65E-445E-8C57-B9C90297630A}.Debug|Any CPU.Build.0 = Debug|Any CPU
		{69B69995-A65E-445E-8C57-B9C90297630A}.Release|Any CPU.ActiveCfg = Release|Any CPU
		{69B69995-A65E-445E-8C57-B9C90297630A}.Release|Any CPU.Build.0 = Release|Any CPU
	EndGlobalSection
	GlobalSection(SolutionProperties) = preSolution
		HideSolutionNode = FALSE
	EndGlobalSection
	GlobalSection(ExtensibilityGlobals) = postSolution
		SolutionGuid = {10904226-43FC-4260-89A2-442C8CD8117F}
	EndGlobalSection
EndGlobal
