
Microsoft Visual Studio Solution File, Format Version 12.00
# Visual Studio 15
VisualStudioVersion = 15.0.28307.329
MinimumVisualStudioVersion = 10.0.40219.1
Project("{FAE04EC0-301F-11D3-BF4B-00C04F79EFBC}") = "Log4Net_01", "Log4Net_01\Log4Net_01.csproj", "{436DA3F9-0381-4AA3-8426-74CF1E844717}"
EndProject
Global
	GlobalSection(SolutionConfigurationPlatforms) = preSolution
		Debug|Any CPU = Debug|Any CPU
		Release|Any CPU = Release|Any CPU
	EndGlobalSection
	GlobalSection(ProjectConfigurationPlatforms) = postSolution
		{436DA3F9-0381-4AA3-8426-74CF1E844717}.Debug|Any CPU.ActiveCfg = Debug|Any CPU
		{436DA3F9-0381-4AA3-8426-74CF1E844717}.Debug|Any CPU.Build.0 = Debug|Any CPU
		{436DA3F9-0381-4AA3-8426-74CF1E844717}.Release|Any CPU.ActiveCfg = Release|Any CPU
		{436DA3F9-0381-4AA3-8426-74CF1E844717}.Release|Any CPU.Build.0 = Release|Any CPU
	EndGlobalSection
	GlobalSection(SolutionProperties) = preSolution
		HideSolutionNode = FALSE
	EndGlobalSection
	GlobalSection(ExtensibilityGlobals) = postSolution
		SolutionGuid = {D3EB43E4-9427-43A6-88BC-44BFAE744F24}
	EndGlobalSection
EndGlobal
