
Microsoft Visual Studio Solution File, Format Version 12.00
# Visual Studio 15
VisualStudioVersion = 15.0.28307.329
MinimumVisualStudioVersion = 10.0.40219.1
Project("{FAE04EC0-301F-11D3-BF4B-00C04F79EFBC}") = "ContactsApp", "ContactsApp\ContactsApp.csproj", "{713AC3D6-E2E9-4B68-829B-81ACC1B73025}"
EndProject
Global
	GlobalSection(SolutionConfigurationPlatforms) = preSolution
		Debug|Any CPU = Debug|Any CPU
		Release|Any CPU = Release|Any CPU
	EndGlobalSection
	GlobalSection(ProjectConfigurationPlatforms) = postSolution
		{713AC3D6-E2E9-4B68-829B-81ACC1B73025}.Debug|Any CPU.ActiveCfg = Debug|Any CPU
		{713AC3D6-E2E9-4B68-829B-81ACC1B73025}.Debug|Any CPU.Build.0 = Debug|Any CPU
		{713AC3D6-E2E9-4B68-829B-81ACC1B73025}.Release|Any CPU.ActiveCfg = Release|Any CPU
		{713AC3D6-E2E9-4B68-829B-81ACC1B73025}.Release|Any CPU.Build.0 = Release|Any CPU
	EndGlobalSection
	GlobalSection(SolutionProperties) = preSolution
		HideSolutionNode = FALSE
	EndGlobalSection
	GlobalSection(ExtensibilityGlobals) = postSolution
		SolutionGuid = {B149E1D5-96C9-431E-9449-6E2C27D6CEBC}
	EndGlobalSection
EndGlobal
